
Microsoft Visual Studio Solution File, Format Version 12.00
# Visual Studio Version 17
VisualStudioVersion = 17.2.32630.192
MinimumVisualStudioVersion = 10.0.40219.1
Project("{2150E333-8FDC-42A3-9474-1A3956D46DE8}") = "src", "src", "{BA3E796C-2EE6-474D-9A32-A44EE404FB7F}"
EndProject
Project("{9A19103F-16F7-4668-BE54-9A1E7A4F7556}") = "RecipeBot", "src\RecipeBot\RecipeBot.csproj", "{DB9B4B39-18E4-48D4-9169-E1E963BE1AE4}"
EndProject
Project("{2150E333-8FDC-42A3-9474-1A3956D46DE8}") = "test", "test", "{53CFAFAB-E237-4883-95F9-CACA954CB5F1}"
EndProject
Project("{9A19103F-16F7-4668-BE54-9A1E7A4F7556}") = "Common.Utils", "src\RecipeBot.Utils\Common.Utils.csproj", "{43FFEAAD-E141-404C-BAEB-87A472FA3779}"
EndProject
Project("{9A19103F-16F7-4668-BE54-9A1E7A4F7556}") = "RecipeBot.TestUtils", "test\RecipeBot.TestUtils\RecipeBot.TestUtils.csproj", "{462DD2B3-D0CD-4750-B97F-948D3E345FEF}"
EndProject
Project("{9A19103F-16F7-4668-BE54-9A1E7A4F7556}") = "Discord.Common", "src\Discord.Common\Discord.Common.csproj", "{8035334A-1E70-4C66-8C11-54CC62F8EE75}"
EndProject
Project("{9A19103F-16F7-4668-BE54-9A1E7A4F7556}") = "Discord.Common.Test", "test\Discord.Common.Test\Discord.Common.Test.csproj", "{415A6963-D1C0-43E7-931A-58DD3243BD8F}"
EndProject
Project("{9A19103F-16F7-4668-BE54-9A1E7A4F7556}") = "RecipeBot.Discord", "src\RecipeBot.Discord\RecipeBot.Discord.csproj", "{AB08D751-2382-4E17-8096-EE881494D68B}"
EndProject
Project("{9A19103F-16F7-4668-BE54-9A1E7A4F7556}") = "RecipeBot.Discord.Test", "test\RecipeBot.Discord.Test\RecipeBot.Discord.Test.csproj", "{09FC3D38-9BC5-4002-BDB4-72F56C7F326F}"
EndProject
Project("{9A19103F-16F7-4668-BE54-9A1E7A4F7556}") = "RecipeBot.Domain", "src\RecipeBot.Domain\RecipeBot.Domain.csproj", "{7716396C-EA41-406B-9854-EE39524DC6E7}"
EndProject
Project("{9A19103F-16F7-4668-BE54-9A1E7A4F7556}") = "RecipeBot.Domain.Test", "test\RecipeBot.Domain.Test\RecipeBot.Domain.Test.csproj", "{66DEFB67-34D4-4FA3-B5DB-5E29EB57BFAF}"
EndProject
Project("{9A19103F-16F7-4668-BE54-9A1E7A4F7556}") = "RecipeBot.Domain.TestUtils", "test\RecipeBot.Domain.TestUtils\RecipeBot.Domain.TestUtils.csproj", "{76DDC54E-2DF4-4AED-9E3D-FCD19EBFEB99}"
EndProject
Project("{FAE04EC0-301F-11D3-BF4B-00C04F79EFBC}") = "Common.Utils.Test", "test\Common.Utils.Test\Common.Utils.Test.csproj", "{FCD51408-8C35-47C1-A39B-4DA04F27AE2D}"
EndProject
Global
	GlobalSection(SolutionConfigurationPlatforms) = preSolution
		Debug|Any CPU = Debug|Any CPU
		Release|Any CPU = Release|Any CPU
	EndGlobalSection
	GlobalSection(ProjectConfigurationPlatforms) = postSolution
		{DB9B4B39-18E4-48D4-9169-E1E963BE1AE4}.Debug|Any CPU.ActiveCfg = Debug|Any CPU
		{DB9B4B39-18E4-48D4-9169-E1E963BE1AE4}.Debug|Any CPU.Build.0 = Debug|Any CPU
		{DB9B4B39-18E4-48D4-9169-E1E963BE1AE4}.Release|Any CPU.ActiveCfg = Release|Any CPU
		{DB9B4B39-18E4-48D4-9169-E1E963BE1AE4}.Release|Any CPU.Build.0 = Release|Any CPU
		{43FFEAAD-E141-404C-BAEB-87A472FA3779}.Debug|Any CPU.ActiveCfg = Debug|Any CPU
		{43FFEAAD-E141-404C-BAEB-87A472FA3779}.Debug|Any CPU.Build.0 = Debug|Any CPU
		{43FFEAAD-E141-404C-BAEB-87A472FA3779}.Release|Any CPU.ActiveCfg = Release|Any CPU
		{43FFEAAD-E141-404C-BAEB-87A472FA3779}.Release|Any CPU.Build.0 = Release|Any CPU
		{462DD2B3-D0CD-4750-B97F-948D3E345FEF}.Debug|Any CPU.ActiveCfg = Debug|Any CPU
		{462DD2B3-D0CD-4750-B97F-948D3E345FEF}.Debug|Any CPU.Build.0 = Debug|Any CPU
		{462DD2B3-D0CD-4750-B97F-948D3E345FEF}.Release|Any CPU.ActiveCfg = Release|Any CPU
		{462DD2B3-D0CD-4750-B97F-948D3E345FEF}.Release|Any CPU.Build.0 = Release|Any CPU
		{8035334A-1E70-4C66-8C11-54CC62F8EE75}.Debug|Any CPU.ActiveCfg = Debug|Any CPU
		{8035334A-1E70-4C66-8C11-54CC62F8EE75}.Debug|Any CPU.Build.0 = Debug|Any CPU
		{8035334A-1E70-4C66-8C11-54CC62F8EE75}.Release|Any CPU.ActiveCfg = Release|Any CPU
		{8035334A-1E70-4C66-8C11-54CC62F8EE75}.Release|Any CPU.Build.0 = Release|Any CPU
		{415A6963-D1C0-43E7-931A-58DD3243BD8F}.Debug|Any CPU.ActiveCfg = Debug|Any CPU
		{415A6963-D1C0-43E7-931A-58DD3243BD8F}.Debug|Any CPU.Build.0 = Debug|Any CPU
		{415A6963-D1C0-43E7-931A-58DD3243BD8F}.Release|Any CPU.ActiveCfg = Release|Any CPU
		{415A6963-D1C0-43E7-931A-58DD3243BD8F}.Release|Any CPU.Build.0 = Release|Any CPU
		{AB08D751-2382-4E17-8096-EE881494D68B}.Debug|Any CPU.ActiveCfg = Debug|Any CPU
		{AB08D751-2382-4E17-8096-EE881494D68B}.Debug|Any CPU.Build.0 = Debug|Any CPU
		{AB08D751-2382-4E17-8096-EE881494D68B}.Release|Any CPU.ActiveCfg = Release|Any CPU
		{AB08D751-2382-4E17-8096-EE881494D68B}.Release|Any CPU.Build.0 = Release|Any CPU
		{09FC3D38-9BC5-4002-BDB4-72F56C7F326F}.Debug|Any CPU.ActiveCfg = Debug|Any CPU
		{09FC3D38-9BC5-4002-BDB4-72F56C7F326F}.Debug|Any CPU.Build.0 = Debug|Any CPU
		{09FC3D38-9BC5-4002-BDB4-72F56C7F326F}.Release|Any CPU.ActiveCfg = Release|Any CPU
		{09FC3D38-9BC5-4002-BDB4-72F56C7F326F}.Release|Any CPU.Build.0 = Release|Any CPU
		{7716396C-EA41-406B-9854-EE39524DC6E7}.Debug|Any CPU.ActiveCfg = Debug|Any CPU
		{7716396C-EA41-406B-9854-EE39524DC6E7}.Debug|Any CPU.Build.0 = Debug|Any CPU
		{7716396C-EA41-406B-9854-EE39524DC6E7}.Release|Any CPU.ActiveCfg = Release|Any CPU
		{7716396C-EA41-406B-9854-EE39524DC6E7}.Release|Any CPU.Build.0 = Release|Any CPU
		{66DEFB67-34D4-4FA3-B5DB-5E29EB57BFAF}.Debug|Any CPU.ActiveCfg = Debug|Any CPU
		{66DEFB67-34D4-4FA3-B5DB-5E29EB57BFAF}.Debug|Any CPU.Build.0 = Debug|Any CPU
		{66DEFB67-34D4-4FA3-B5DB-5E29EB57BFAF}.Release|Any CPU.ActiveCfg = Release|Any CPU
		{66DEFB67-34D4-4FA3-B5DB-5E29EB57BFAF}.Release|Any CPU.Build.0 = Release|Any CPU
		{76DDC54E-2DF4-4AED-9E3D-FCD19EBFEB99}.Debug|Any CPU.ActiveCfg = Debug|Any CPU
		{76DDC54E-2DF4-4AED-9E3D-FCD19EBFEB99}.Debug|Any CPU.Build.0 = Debug|Any CPU
		{76DDC54E-2DF4-4AED-9E3D-FCD19EBFEB99}.Release|Any CPU.ActiveCfg = Release|Any CPU
		{76DDC54E-2DF4-4AED-9E3D-FCD19EBFEB99}.Release|Any CPU.Build.0 = Release|Any CPU
		{FCD51408-8C35-47C1-A39B-4DA04F27AE2D}.Debug|Any CPU.ActiveCfg = Debug|Any CPU
		{FCD51408-8C35-47C1-A39B-4DA04F27AE2D}.Debug|Any CPU.Build.0 = Debug|Any CPU
		{FCD51408-8C35-47C1-A39B-4DA04F27AE2D}.Release|Any CPU.ActiveCfg = Release|Any CPU
		{FCD51408-8C35-47C1-A39B-4DA04F27AE2D}.Release|Any CPU.Build.0 = Release|Any CPU
	EndGlobalSection
	GlobalSection(SolutionProperties) = preSolution
		HideSolutionNode = FALSE
	EndGlobalSection
	GlobalSection(NestedProjects) = preSolution
		{DB9B4B39-18E4-48D4-9169-E1E963BE1AE4} = {BA3E796C-2EE6-474D-9A32-A44EE404FB7F}
		{43FFEAAD-E141-404C-BAEB-87A472FA3779} = {BA3E796C-2EE6-474D-9A32-A44EE404FB7F}
		{462DD2B3-D0CD-4750-B97F-948D3E345FEF} = {53CFAFAB-E237-4883-95F9-CACA954CB5F1}
		{8035334A-1E70-4C66-8C11-54CC62F8EE75} = {BA3E796C-2EE6-474D-9A32-A44EE404FB7F}
		{415A6963-D1C0-43E7-931A-58DD3243BD8F} = {53CFAFAB-E237-4883-95F9-CACA954CB5F1}
		{AB08D751-2382-4E17-8096-EE881494D68B} = {BA3E796C-2EE6-474D-9A32-A44EE404FB7F}
		{09FC3D38-9BC5-4002-BDB4-72F56C7F326F} = {53CFAFAB-E237-4883-95F9-CACA954CB5F1}
		{7716396C-EA41-406B-9854-EE39524DC6E7} = {BA3E796C-2EE6-474D-9A32-A44EE404FB7F}
		{66DEFB67-34D4-4FA3-B5DB-5E29EB57BFAF} = {53CFAFAB-E237-4883-95F9-CACA954CB5F1}
		{76DDC54E-2DF4-4AED-9E3D-FCD19EBFEB99} = {53CFAFAB-E237-4883-95F9-CACA954CB5F1}
		{FCD51408-8C35-47C1-A39B-4DA04F27AE2D} = {53CFAFAB-E237-4883-95F9-CACA954CB5F1}
	EndGlobalSection
	GlobalSection(ExtensibilityGlobals) = postSolution
		SolutionGuid = {3CD9C2F5-4FA6-4425-96F3-E77B60D2ED3F}
	EndGlobalSection
EndGlobal
