
Microsoft Visual Studio Solution File, Format Version 12.00
# Visual Studio Version 17
VisualStudioVersion = 17.2.32630.192
MinimumVisualStudioVersion = 10.0.40219.1
Project("{2150E333-8FDC-42A3-9474-1A3956D46DE8}") = "src", "src", "{BA3E796C-2EE6-474D-9A32-A44EE404FB7F}"
EndProject
Project("{9A19103F-16F7-4668-BE54-9A1E7A4F7556}") = "WeekendBot", "src\WeekendBot\WeekendBot.csproj", "{DB9B4B39-18E4-48D4-9169-E1E963BE1AE4}"
EndProject
Project("{2150E333-8FDC-42A3-9474-1A3956D46DE8}") = "test", "test", "{53CFAFAB-E237-4883-95F9-CACA954CB5F1}"
EndProject
Project("{9A19103F-16F7-4668-BE54-9A1E7A4F7556}") = "WeekendBot.Test", "test\WeekendBot.Test\WeekendBot.Test.csproj", "{2D616A91-4FAC-47C8-A9AC-131D29946852}"
EndProject
Project("{FAE04EC0-301F-11D3-BF4B-00C04F79EFBC}") = "WeekendBot.Core", "src\WeekendBot.Core\WeekendBot.Core.csproj", "{1A498D17-459D-44F5-855F-A33C6C976DDF}"
EndProject
Project("{FAE04EC0-301F-11D3-BF4B-00C04F79EFBC}") = "WeekendBot.Components", "src\WeekendBot.Components\WeekendBot.Components.csproj", "{2E8F24C7-4832-47ED-A00C-666CF1D1C0E5}"
EndProject
Project("{FAE04EC0-301F-11D3-BF4B-00C04F79EFBC}") = "WeekendBot.Utils", "src\WeekendBot.Utils\WeekendBot.Utils.csproj", "{43FFEAAD-E141-404C-BAEB-87A472FA3779}"
EndProject
Project("{FAE04EC0-301F-11D3-BF4B-00C04F79EFBC}") = "WeekendBot.Components.Test", "test\WeekendBot.Components.Test\WeekendBot.Components.Test.csproj", "{D899E724-88EB-4318-8591-71182C4F8B32}"
EndProject
Global
	GlobalSection(SolutionConfigurationPlatforms) = preSolution
		Debug|Any CPU = Debug|Any CPU
		Release|Any CPU = Release|Any CPU
	EndGlobalSection
	GlobalSection(ProjectConfigurationPlatforms) = postSolution
		{DB9B4B39-18E4-48D4-9169-E1E963BE1AE4}.Debug|Any CPU.ActiveCfg = Debug|Any CPU
		{DB9B4B39-18E4-48D4-9169-E1E963BE1AE4}.Debug|Any CPU.Build.0 = Debug|Any CPU
		{DB9B4B39-18E4-48D4-9169-E1E963BE1AE4}.Release|Any CPU.ActiveCfg = Release|Any CPU
		{DB9B4B39-18E4-48D4-9169-E1E963BE1AE4}.Release|Any CPU.Build.0 = Release|Any CPU
		{2D616A91-4FAC-47C8-A9AC-131D29946852}.Debug|Any CPU.ActiveCfg = Debug|Any CPU
		{2D616A91-4FAC-47C8-A9AC-131D29946852}.Debug|Any CPU.Build.0 = Debug|Any CPU
		{2D616A91-4FAC-47C8-A9AC-131D29946852}.Release|Any CPU.ActiveCfg = Release|Any CPU
		{2D616A91-4FAC-47C8-A9AC-131D29946852}.Release|Any CPU.Build.0 = Release|Any CPU
		{1A498D17-459D-44F5-855F-A33C6C976DDF}.Debug|Any CPU.ActiveCfg = Debug|Any CPU
		{1A498D17-459D-44F5-855F-A33C6C976DDF}.Debug|Any CPU.Build.0 = Debug|Any CPU
		{1A498D17-459D-44F5-855F-A33C6C976DDF}.Release|Any CPU.ActiveCfg = Release|Any CPU
		{1A498D17-459D-44F5-855F-A33C6C976DDF}.Release|Any CPU.Build.0 = Release|Any CPU
		{2E8F24C7-4832-47ED-A00C-666CF1D1C0E5}.Debug|Any CPU.ActiveCfg = Debug|Any CPU
		{2E8F24C7-4832-47ED-A00C-666CF1D1C0E5}.Debug|Any CPU.Build.0 = Debug|Any CPU
		{2E8F24C7-4832-47ED-A00C-666CF1D1C0E5}.Release|Any CPU.ActiveCfg = Release|Any CPU
		{2E8F24C7-4832-47ED-A00C-666CF1D1C0E5}.Release|Any CPU.Build.0 = Release|Any CPU
		{43FFEAAD-E141-404C-BAEB-87A472FA3779}.Debug|Any CPU.ActiveCfg = Debug|Any CPU
		{43FFEAAD-E141-404C-BAEB-87A472FA3779}.Debug|Any CPU.Build.0 = Debug|Any CPU
		{43FFEAAD-E141-404C-BAEB-87A472FA3779}.Release|Any CPU.ActiveCfg = Release|Any CPU
		{43FFEAAD-E141-404C-BAEB-87A472FA3779}.Release|Any CPU.Build.0 = Release|Any CPU
		{D899E724-88EB-4318-8591-71182C4F8B32}.Debug|Any CPU.ActiveCfg = Debug|Any CPU
		{D899E724-88EB-4318-8591-71182C4F8B32}.Debug|Any CPU.Build.0 = Debug|Any CPU
		{D899E724-88EB-4318-8591-71182C4F8B32}.Release|Any CPU.ActiveCfg = Release|Any CPU
		{D899E724-88EB-4318-8591-71182C4F8B32}.Release|Any CPU.Build.0 = Release|Any CPU
	EndGlobalSection
	GlobalSection(SolutionProperties) = preSolution
		HideSolutionNode = FALSE
	EndGlobalSection
	GlobalSection(NestedProjects) = preSolution
		{DB9B4B39-18E4-48D4-9169-E1E963BE1AE4} = {BA3E796C-2EE6-474D-9A32-A44EE404FB7F}
		{2D616A91-4FAC-47C8-A9AC-131D29946852} = {53CFAFAB-E237-4883-95F9-CACA954CB5F1}
		{1A498D17-459D-44F5-855F-A33C6C976DDF} = {BA3E796C-2EE6-474D-9A32-A44EE404FB7F}
		{2E8F24C7-4832-47ED-A00C-666CF1D1C0E5} = {BA3E796C-2EE6-474D-9A32-A44EE404FB7F}
		{43FFEAAD-E141-404C-BAEB-87A472FA3779} = {BA3E796C-2EE6-474D-9A32-A44EE404FB7F}
		{D899E724-88EB-4318-8591-71182C4F8B32} = {53CFAFAB-E237-4883-95F9-CACA954CB5F1}
	EndGlobalSection
	GlobalSection(ExtensibilityGlobals) = postSolution
		SolutionGuid = {3CD9C2F5-4FA6-4425-96F3-E77B60D2ED3F}
	EndGlobalSection
EndGlobal
