
Microsoft Visual Studio Solution File, Format Version 12.00
# Visual Studio Version 16
VisualStudioVersion = 16.0.32630.194
MinimumVisualStudioVersion = 10.0.40219.1
Project("{FAE04EC0-301F-11D3-BF4B-00C04F79EFBC}") = "WeekendBot", "WeekendBot\WeekendBot.csproj", "{3B430CBB-332B-4BDF-B0F7-B1285DE708A5}"
EndProject
Global
	GlobalSection(SolutionConfigurationPlatforms) = preSolution
		Debug|Any CPU = Debug|Any CPU
		Release|Any CPU = Release|Any CPU
	EndGlobalSection
	GlobalSection(ProjectConfigurationPlatforms) = postSolution
		{3B430CBB-332B-4BDF-B0F7-B1285DE708A5}.Debug|Any CPU.ActiveCfg = Debug|Any CPU
		{3B430CBB-332B-4BDF-B0F7-B1285DE708A5}.Debug|Any CPU.Build.0 = Debug|Any CPU
		{3B430CBB-332B-4BDF-B0F7-B1285DE708A5}.Release|Any CPU.ActiveCfg = Release|Any CPU
		{3B430CBB-332B-4BDF-B0F7-B1285DE708A5}.Release|Any CPU.Build.0 = Release|Any CPU
	EndGlobalSection
	GlobalSection(SolutionProperties) = preSolution
		HideSolutionNode = FALSE
	EndGlobalSection
	GlobalSection(ExtensibilityGlobals) = postSolution
		SolutionGuid = {3CD9C2F5-4FA6-4425-96F3-E77B60D2ED3F}
	EndGlobalSection
EndGlobal
